# generated by rye
# use `rye lock` or `rye sync` to update this lockfile
#
# last locked with the following flags:
#   pre: false
#   features: []
#   all-features: false
#   with-sources: false
#   generate-hashes: false

-e file:.
fasttext==0.9.3
    # via src
joblib==1.4.2
    # via scikit-learn
numpy==2.0.1
    # via fasttext
    # via scikit-learn
    # via scipy
    # via tfidfinheritvectorizer
pybind11==2.13.4
    # via fasttext
scikit-learn==1.5.1
    # via tfidfinheritvectorizer
scipy==1.14.0
    # via scikit-learn
setuptools==72.2.0
    # via fasttext
tfidfinheritvectorizer==0.1
    # via src
threadpoolctl==3.5.0
    # via scikit-learn
